
Microsoft Visual Studio Solution File, Format Version 12.00
# Visual Studio Version 17
VisualStudioVersion = 17.7.34018.315
MinimumVisualStudioVersion = 10.0.40219.1
Project("{9A19103F-16F7-4668-BE54-9A1E7A4F7556}") = "ShopServer", "ShopServer\ShopServer.csproj", "{2E57C5A5-1D24-4B62-826B-E1D8DF23B980}"
EndProject
Project("{FAE04EC0-301F-11D3-BF4B-00C04F79EFBC}") = "Business", "Business\Business.csproj", "{D47DAC10-2283-43E3-9D3A-37AF986C0AB6}"
EndProject
Global
	GlobalSection(SolutionConfigurationPlatforms) = preSolution
		Debug|Any CPU = Debug|Any CPU
		Release|Any CPU = Release|Any CPU
	EndGlobalSection
	GlobalSection(ProjectConfigurationPlatforms) = postSolution
		{2E57C5A5-1D24-4B62-826B-E1D8DF23B980}.Debug|Any CPU.ActiveCfg = Debug|Any CPU
		{2E57C5A5-1D24-4B62-826B-E1D8DF23B980}.Debug|Any CPU.Build.0 = Debug|Any CPU
		{2E57C5A5-1D24-4B62-826B-E1D8DF23B980}.Release|Any CPU.ActiveCfg = Release|Any CPU
		{2E57C5A5-1D24-4B62-826B-E1D8DF23B980}.Release|Any CPU.Build.0 = Release|Any CPU
		{D47DAC10-2283-43E3-9D3A-37AF986C0AB6}.Debug|Any CPU.ActiveCfg = Debug|Any CPU
		{D47DAC10-2283-43E3-9D3A-37AF986C0AB6}.Debug|Any CPU.Build.0 = Debug|Any CPU
		{D47DAC10-2283-43E3-9D3A-37AF986C0AB6}.Release|Any CPU.ActiveCfg = Release|Any CPU
		{D47DAC10-2283-43E3-9D3A-37AF986C0AB6}.Release|Any CPU.Build.0 = Release|Any CPU
	EndGlobalSection
	GlobalSection(SolutionProperties) = preSolution
		HideSolutionNode = FALSE
	EndGlobalSection
	GlobalSection(ExtensibilityGlobals) = postSolution
		SolutionGuid = {80308495-C096-4D61-8529-819BC63274D0}
	EndGlobalSection
EndGlobal
